// !$*UTF8*$!
{
	archiveVersion = 1;
	classes = {
	};
	objectVersion = 56;
	objects = {

/* Begin PBXBuildFile section */
		93B6BD8F2A71997300F5C3B4 /* AppDelegate.swift in Sources */ = {isa = PBXBuildFile; fileRef = 93B6BD8E2A71997300F5C3B4 /* AppDelegate.swift */; };
		93B6BD912A71997300F5C3B4 /* SceneDelegate.swift in Sources */ = {isa = PBXBuildFile; fileRef = 93B6BD902A71997300F5C3B4 /* SceneDelegate.swift */; };
		93B6BD932A71997300F5C3B4 /* SignUpController.swift in Sources */ = {isa = PBXBuildFile; fileRef = 93B6BD922A71997300F5C3B4 /* SignUpController.swift */; };
		93B6BD962A71997300F5C3B4 /* Main.storyboard in Resources */ = {isa = PBXBuildFile; fileRef = 93B6BD942A71997300F5C3B4 /* Main.storyboard */; };
		93B6BD982A71997500F5C3B4 /* Assets.xcassets in Resources */ = {isa = PBXBuildFile; fileRef = 93B6BD972A71997500F5C3B4 /* Assets.xcassets */; };
		93B6BD9B2A71997500F5C3B4 /* LaunchScreen.storyboard in Resources */ = {isa = PBXBuildFile; fileRef = 93B6BD992A71997500F5C3B4 /* LaunchScreen.storyboard */; };
		93B6BDA42A71AB5B00F5C3B4 /* UIColorExtension.swift in Sources */ = {isa = PBXBuildFile; fileRef = 93B6BDA32A71AB5B00F5C3B4 /* UIColorExtension.swift */; };
		93B6BDA72A71ACDF00F5C3B4 /* UITextField+pleacholder.swift in Sources */ = {isa = PBXBuildFile; fileRef = 93B6BDA62A71ACDF00F5C3B4 /* UITextField+pleacholder.swift */; };
		93B6BDA92A71AF4900F5C3B4 /* UIViewExtension.swift in Sources */ = {isa = PBXBuildFile; fileRef = 93B6BDA82A71AF4900F5C3B4 /* UIViewExtension.swift */; };
		93B6BDAB2A71BFB100F5C3B4 /* GoogleService-Info.plist in Resources */ = {isa = PBXBuildFile; fileRef = 93B6BDAA2A71BFB100F5C3B4 /* GoogleService-Info.plist */; };
		93B6BDAE2A71C0F900F5C3B4 /* FirebaseAuth in Frameworks */ = {isa = PBXBuildFile; productRef = 93B6BDAD2A71C0F900F5C3B4 /* FirebaseAuth */; };
		93B6BDB02A71C0F900F5C3B4 /* FirebaseDatabase in Frameworks */ = {isa = PBXBuildFile; productRef = 93B6BDAF2A71C0F900F5C3B4 /* FirebaseDatabase */; };
		93B6BDB22A71C0F900F5C3B4 /* FirebaseStorage in Frameworks */ = {isa = PBXBuildFile; productRef = 93B6BDB12A71C0F900F5C3B4 /* FirebaseStorage */; };
		93B6BDB52A72E62400F5C3B4 /* MainTabBarController.swift in Sources */ = {isa = PBXBuildFile; fileRef = 93B6BDB42A72E62400F5C3B4 /* MainTabBarController.swift */; };
		93B6BDB72A72FA0F00F5C3B4 /* UserProfileController.swift in Sources */ = {isa = PBXBuildFile; fileRef = 93B6BDB62A72FA0F00F5C3B4 /* UserProfileController.swift */; };
		93B6BDBB2A73177300F5C3B4 /* UserProfileHeader.swift in Sources */ = {isa = PBXBuildFile; fileRef = 93B6BDBA2A73177300F5C3B4 /* UserProfileHeader.swift */; };
		93B6BDBD2A740C5600F5C3B4 /* LoginController.swift in Sources */ = {isa = PBXBuildFile; fileRef = 93B6BDBC2A740C5600F5C3B4 /* LoginController.swift */; };
		93B6BDC32A743B2F00F5C3B4 /* UserModel.swift in Sources */ = {isa = PBXBuildFile; fileRef = 93B6BDC22A743B2F00F5C3B4 /* UserModel.swift */; };
		93B6BDC62A743B7800F5C3B4 /* UserProfileController+Extension.swift in Sources */ = {isa = PBXBuildFile; fileRef = 93B6BDC52A743B7800F5C3B4 /* UserProfileController+Extension.swift */; };
		93B6BDC92A743CF200F5C3B4 /* SignUpControllerExtension.swift in Sources */ = {isa = PBXBuildFile; fileRef = 93B6BDC82A743CF200F5C3B4 /* SignUpControllerExtension.swift */; };
		93B6BDCC2A74630200F5C3B4 /* PhotoSelectorController.swift in Sources */ = {isa = PBXBuildFile; fileRef = 93B6BDCB2A74630200F5C3B4 /* PhotoSelectorController.swift */; };
		93B6BDCF2A746B4800F5C3B4 /* Utils.swift in Sources */ = {isa = PBXBuildFile; fileRef = 93B6BDCE2A746B4800F5C3B4 /* Utils.swift */; };
		93B6BDD22A754D1200F5C3B4 /* PhotoSelectorCell.swift in Sources */ = {isa = PBXBuildFile; fileRef = 93B6BDD12A754D1200F5C3B4 /* PhotoSelectorCell.swift */; };
		93B6BDD42A765D9500F5C3B4 /* PhotoSelectorHeader.swift in Sources */ = {isa = PBXBuildFile; fileRef = 93B6BDD32A765D9500F5C3B4 /* PhotoSelectorHeader.swift */; };
		93DEBA622A766FA700A6048F /* PhotoSelectorController+Extension.swift in Sources */ = {isa = PBXBuildFile; fileRef = 93DEBA612A766FA700A6048F /* PhotoSelectorController+Extension.swift */; };
		93DEBA652A7672A400A6048F /* SharePhotoController.swift in Sources */ = {isa = PBXBuildFile; fileRef = 93DEBA642A7672A400A6048F /* SharePhotoController.swift */; };
		93DEBA672A76891800A6048F /* UIViewController+Extensions.swift in Sources */ = {isa = PBXBuildFile; fileRef = 93DEBA662A76891800A6048F /* UIViewController+Extensions.swift */; };
		93DEBA6B2A779D1D00A6048F /* UserPostModel.swift in Sources */ = {isa = PBXBuildFile; fileRef = 93DEBA6A2A779D1D00A6048F /* UserPostModel.swift */; };
		93DEBA6D2A77A06E00A6048F /* UserProfilePostsCell.swift in Sources */ = {isa = PBXBuildFile; fileRef = 93DEBA6C2A77A06E00A6048F /* UserProfilePostsCell.swift */; };
		93DEBA6F2A77AD5900A6048F /* CustomImageView.swift in Sources */ = {isa = PBXBuildFile; fileRef = 93DEBA6E2A77AD5900A6048F /* CustomImageView.swift */; };
		93DEBA722A77BE6400A6048F /* HomeController.swift in Sources */ = {isa = PBXBuildFile; fileRef = 93DEBA712A77BE6400A6048F /* HomeController.swift */; };
		93DEBA752A77C0D800A6048F /* HomePostCell.swift in Sources */ = {isa = PBXBuildFile; fileRef = 93DEBA742A77C0D800A6048F /* HomePostCell.swift */; };
		93DEBA782A780E6100A6048F /* Database+Extension.swift in Sources */ = {isa = PBXBuildFile; fileRef = 93DEBA772A780E6100A6048F /* Database+Extension.swift */; };
		93DEBA7B2A78E96100A6048F /* UserSearchController.swift in Sources */ = {isa = PBXBuildFile; fileRef = 93DEBA7A2A78E96100A6048F /* UserSearchController.swift */; };
		93DEBA7E2A78F21600A6048F /* UserSearchCell.swift in Sources */ = {isa = PBXBuildFile; fileRef = 93DEBA7D2A78F21600A6048F /* UserSearchCell.swift */; };
		93DEBA812A793DD500A6048F /* DateExtension.swift in Sources */ = {isa = PBXBuildFile; fileRef = 93DEBA802A793DD500A6048F /* DateExtension.swift */; };
		93DEBA842A7A42D400A6048F /* HomeController+Extension.swift in Sources */ = {isa = PBXBuildFile; fileRef = 93DEBA832A7A42D400A6048F /* HomeController+Extension.swift */; };
		93DEBA872A7A442B00A6048F /* SearchController+Extension.swift in Sources */ = {isa = PBXBuildFile; fileRef = 93DEBA862A7A442B00A6048F /* SearchController+Extension.swift */; };
/* End PBXBuildFile section */

/* Begin PBXFileReference section */
		93B6BD8B2A71997300F5C3B4 /* InstagramCloneFirebase.app */ = {isa = PBXFileReference; explicitFileType = wrapper.application; includeInIndex = 0; path = InstagramCloneFirebase.app; sourceTree = BUILT_PRODUCTS_DIR; };
		93B6BD8E2A71997300F5C3B4 /* AppDelegate.swift */ = {isa = PBXFileReference; lastKnownFileType = sourcecode.swift; path = AppDelegate.swift; sourceTree = "<group>"; };
		93B6BD902A71997300F5C3B4 /* SceneDelegate.swift */ = {isa = PBXFileReference; lastKnownFileType = sourcecode.swift; path = SceneDelegate.swift; sourceTree = "<group>"; };
		93B6BD922A71997300F5C3B4 /* SignUpController.swift */ = {isa = PBXFileReference; lastKnownFileType = sourcecode.swift; path = SignUpController.swift; sourceTree = "<group>"; };
		93B6BD952A71997300F5C3B4 /* Base */ = {isa = PBXFileReference; lastKnownFileType = file.storyboard; name = Base; path = Base.lproj/Main.storyboard; sourceTree = "<group>"; };
		93B6BD972A71997500F5C3B4 /* Assets.xcassets */ = {isa = PBXFileReference; lastKnownFileType = folder.assetcatalog; path = Assets.xcassets; sourceTree = "<group>"; };
		93B6BD9A2A71997500F5C3B4 /* Base */ = {isa = PBXFileReference; lastKnownFileType = file.storyboard; name = Base; path = Base.lproj/LaunchScreen.storyboard; sourceTree = "<group>"; };
		93B6BD9C2A71997500F5C3B4 /* Info.plist */ = {isa = PBXFileReference; lastKnownFileType = text.plist.xml; path = Info.plist; sourceTree = "<group>"; };
		93B6BDA32A71AB5B00F5C3B4 /* UIColorExtension.swift */ = {isa = PBXFileReference; lastKnownFileType = sourcecode.swift; path = UIColorExtension.swift; sourceTree = "<group>"; };
		93B6BDA62A71ACDF00F5C3B4 /* UITextField+pleacholder.swift */ = {isa = PBXFileReference; lastKnownFileType = sourcecode.swift; path = "UITextField+pleacholder.swift"; sourceTree = "<group>"; };
		93B6BDA82A71AF4900F5C3B4 /* UIViewExtension.swift */ = {isa = PBXFileReference; lastKnownFileType = sourcecode.swift; path = UIViewExtension.swift; sourceTree = "<group>"; };
		93B6BDAA2A71BFB100F5C3B4 /* GoogleService-Info.plist */ = {isa = PBXFileReference; fileEncoding = 4; lastKnownFileType = text.plist.xml; path = "GoogleService-Info.plist"; sourceTree = "<group>"; };
		93B6BDB42A72E62400F5C3B4 /* MainTabBarController.swift */ = {isa = PBXFileReference; lastKnownFileType = sourcecode.swift; path = MainTabBarController.swift; sourceTree = "<group>"; };
		93B6BDB62A72FA0F00F5C3B4 /* UserProfileController.swift */ = {isa = PBXFileReference; lastKnownFileType = sourcecode.swift; path = UserProfileController.swift; sourceTree = "<group>"; };
		93B6BDBA2A73177300F5C3B4 /* UserProfileHeader.swift */ = {isa = PBXFileReference; lastKnownFileType = sourcecode.swift; path = UserProfileHeader.swift; sourceTree = "<group>"; };
		93B6BDBC2A740C5600F5C3B4 /* LoginController.swift */ = {isa = PBXFileReference; lastKnownFileType = sourcecode.swift; path = LoginController.swift; sourceTree = "<group>"; };
		93B6BDC22A743B2F00F5C3B4 /* UserModel.swift */ = {isa = PBXFileReference; lastKnownFileType = sourcecode.swift; path = UserModel.swift; sourceTree = "<group>"; };
		93B6BDC52A743B7800F5C3B4 /* UserProfileController+Extension.swift */ = {isa = PBXFileReference; lastKnownFileType = sourcecode.swift; path = "UserProfileController+Extension.swift"; sourceTree = "<group>"; };
		93B6BDC82A743CF200F5C3B4 /* SignUpControllerExtension.swift */ = {isa = PBXFileReference; lastKnownFileType = sourcecode.swift; path = SignUpControllerExtension.swift; sourceTree = "<group>"; };
		93B6BDCB2A74630200F5C3B4 /* PhotoSelectorController.swift */ = {isa = PBXFileReference; lastKnownFileType = sourcecode.swift; path = PhotoSelectorController.swift; sourceTree = "<group>"; };
		93B6BDCE2A746B4800F5C3B4 /* Utils.swift */ = {isa = PBXFileReference; lastKnownFileType = sourcecode.swift; path = Utils.swift; sourceTree = "<group>"; };
		93B6BDD12A754D1200F5C3B4 /* PhotoSelectorCell.swift */ = {isa = PBXFileReference; lastKnownFileType = sourcecode.swift; path = PhotoSelectorCell.swift; sourceTree = "<group>"; };
		93B6BDD32A765D9500F5C3B4 /* PhotoSelectorHeader.swift */ = {isa = PBXFileReference; lastKnownFileType = sourcecode.swift; path = PhotoSelectorHeader.swift; sourceTree = "<group>"; };
		93DEBA612A766FA700A6048F /* PhotoSelectorController+Extension.swift */ = {isa = PBXFileReference; lastKnownFileType = sourcecode.swift; path = "PhotoSelectorController+Extension.swift"; sourceTree = "<group>"; };
		93DEBA642A7672A400A6048F /* SharePhotoController.swift */ = {isa = PBXFileReference; lastKnownFileType = sourcecode.swift; path = SharePhotoController.swift; sourceTree = "<group>"; };
		93DEBA662A76891800A6048F /* UIViewController+Extensions.swift */ = {isa = PBXFileReference; lastKnownFileType = sourcecode.swift; path = "UIViewController+Extensions.swift"; sourceTree = "<group>"; };
		93DEBA6A2A779D1D00A6048F /* UserPostModel.swift */ = {isa = PBXFileReference; lastKnownFileType = sourcecode.swift; path = UserPostModel.swift; sourceTree = "<group>"; };
		93DEBA6C2A77A06E00A6048F /* UserProfilePostsCell.swift */ = {isa = PBXFileReference; lastKnownFileType = sourcecode.swift; path = UserProfilePostsCell.swift; sourceTree = "<group>"; };
		93DEBA6E2A77AD5900A6048F /* CustomImageView.swift */ = {isa = PBXFileReference; lastKnownFileType = sourcecode.swift; path = CustomImageView.swift; sourceTree = "<group>"; };
		93DEBA712A77BE6400A6048F /* HomeController.swift */ = {isa = PBXFileReference; lastKnownFileType = sourcecode.swift; path = HomeController.swift; sourceTree = "<group>"; };
		93DEBA742A77C0D800A6048F /* HomePostCell.swift */ = {isa = PBXFileReference; lastKnownFileType = sourcecode.swift; path = HomePostCell.swift; sourceTree = "<group>"; };
		93DEBA772A780E6100A6048F /* Database+Extension.swift */ = {isa = PBXFileReference; lastKnownFileType = sourcecode.swift; path = "Database+Extension.swift"; sourceTree = "<group>"; };
		93DEBA7A2A78E96100A6048F /* UserSearchController.swift */ = {isa = PBXFileReference; lastKnownFileType = sourcecode.swift; path = UserSearchController.swift; sourceTree = "<group>"; };
		93DEBA7D2A78F21600A6048F /* UserSearchCell.swift */ = {isa = PBXFileReference; lastKnownFileType = sourcecode.swift; path = UserSearchCell.swift; sourceTree = "<group>"; };
		93DEBA802A793DD500A6048F /* DateExtension.swift */ = {isa = PBXFileReference; lastKnownFileType = sourcecode.swift; path = DateExtension.swift; sourceTree = "<group>"; };
		93DEBA832A7A42D400A6048F /* HomeController+Extension.swift */ = {isa = PBXFileReference; lastKnownFileType = sourcecode.swift; path = "HomeController+Extension.swift"; sourceTree = "<group>"; };
		93DEBA862A7A442B00A6048F /* SearchController+Extension.swift */ = {isa = PBXFileReference; lastKnownFileType = sourcecode.swift; path = "SearchController+Extension.swift"; sourceTree = "<group>"; };
/* End PBXFileReference section */

/* Begin PBXFrameworksBuildPhase section */
		93B6BD882A71997300F5C3B4 /* Frameworks */ = {
			isa = PBXFrameworksBuildPhase;
			buildActionMask = 2147483647;
			files = (
				93B6BDB02A71C0F900F5C3B4 /* FirebaseDatabase in Frameworks */,
				93B6BDAE2A71C0F900F5C3B4 /* FirebaseAuth in Frameworks */,
				93B6BDB22A71C0F900F5C3B4 /* FirebaseStorage in Frameworks */,
			);
			runOnlyForDeploymentPostprocessing = 0;
		};
/* End PBXFrameworksBuildPhase section */

/* Begin PBXGroup section */
		93B6BD822A71997300F5C3B4 = {
			isa = PBXGroup;
			children = (
				93B6BD8D2A71997300F5C3B4 /* InstagramCloneFirebase */,
				93B6BD8C2A71997300F5C3B4 /* Products */,
			);
			sourceTree = "<group>";
		};
		93B6BD8C2A71997300F5C3B4 /* Products */ = {
			isa = PBXGroup;
			children = (
				93B6BD8B2A71997300F5C3B4 /* InstagramCloneFirebase.app */,
			);
			name = Products;
			sourceTree = "<group>";
		};
		93B6BD8D2A71997300F5C3B4 /* InstagramCloneFirebase */ = {
			isa = PBXGroup;
			children = (
				93B6BDCD2A746B1700F5C3B4 /* Constants */,
				93B6BDBF2A743AFA00F5C3B4 /* Models */,
				93B6BDB82A73175C00F5C3B4 /* Views */,
				93B6BDB32A72E60B00F5C3B4 /* Controllers */,
				93B6BDA52A71ACBF00F5C3B4 /* Helpers */,
				93B6BDA22A71AB4500F5C3B4 /* Extensions */,
				93B6BD8E2A71997300F5C3B4 /* AppDelegate.swift */,
				93B6BD902A71997300F5C3B4 /* SceneDelegate.swift */,
				93B6BD942A71997300F5C3B4 /* Main.storyboard */,
				93B6BD972A71997500F5C3B4 /* Assets.xcassets */,
				93B6BD992A71997500F5C3B4 /* LaunchScreen.storyboard */,
				93B6BD9C2A71997500F5C3B4 /* Info.plist */,
				93B6BDAA2A71BFB100F5C3B4 /* GoogleService-Info.plist */,
			);
			path = InstagramCloneFirebase;
			sourceTree = "<group>";
		};
		93B6BDA22A71AB4500F5C3B4 /* Extensions */ = {
			isa = PBXGroup;
			children = (
				93DEBA852A7A440F00A6048F /* SearchControllerExtensions */,
				93DEBA822A7A42BA00A6048F /* HomeControllerExtensions */,
				93DEBA7F2A793DC600A6048F /* Date */,
				93DEBA762A780E4D00A6048F /* Firebase */,
				93DEBA602A766F8700A6048F /* PhotoSelectorExrensions */,
				93B6BDC72A743CD700F5C3B4 /* LoginAndSignUpExtensions */,
				93B6BDC42A743B5900F5C3B4 /* UserProfileExtensions */,
				93B6BDA32A71AB5B00F5C3B4 /* UIColorExtension.swift */,
				93B6BDA82A71AF4900F5C3B4 /* UIViewExtension.swift */,
				93DEBA662A76891800A6048F /* UIViewController+Extensions.swift */,
			);
			path = Extensions;
			sourceTree = "<group>";
		};
		93B6BDA52A71ACBF00F5C3B4 /* Helpers */ = {
			isa = PBXGroup;
			children = (
				93B6BDA62A71ACDF00F5C3B4 /* UITextField+pleacholder.swift */,
				93DEBA6E2A77AD5900A6048F /* CustomImageView.swift */,
			);
			path = Helpers;
			sourceTree = "<group>";
		};
		93B6BDB32A72E60B00F5C3B4 /* Controllers */ = {
			isa = PBXGroup;
			children = (
				93DEBA792A78E94800A6048F /* Search */,
				93DEBA702A77BE5400A6048F /* Home */,
				93DEBA682A7798AE00A6048F /* UserProfile */,
				93B6BDCA2A7462E800F5C3B4 /* AddPhoto */,
				93B6BDBE2A742EDB00F5C3B4 /* Login */,
				93B6BDB42A72E62400F5C3B4 /* MainTabBarController.swift */,
			);
			path = Controllers;
			sourceTree = "<group>";
		};
		93B6BDB82A73175C00F5C3B4 /* Views */ = {
			isa = PBXGroup;
			children = (
				93DEBA7C2A78F20500A6048F /* Search */,
				93DEBA732A77C0BE00A6048F /* Home */,
				93B6BDD02A754CF800F5C3B4 /* AddPhoto */,
				93B6BDB92A73176200F5C3B4 /* UserProfile */,
			);
			path = Views;
			sourceTree = "<group>";
		};
		93B6BDB92A73176200F5C3B4 /* UserProfile */ = {
			isa = PBXGroup;
			children = (
				93B6BDBA2A73177300F5C3B4 /* UserProfileHeader.swift */,
				93DEBA6C2A77A06E00A6048F /* UserProfilePostsCell.swift */,
			);
			path = UserProfile;
			sourceTree = "<group>";
		};
		93B6BDBE2A742EDB00F5C3B4 /* Login */ = {
			isa = PBXGroup;
			children = (
				93B6BD922A71997300F5C3B4 /* SignUpController.swift */,
				93B6BDBC2A740C5600F5C3B4 /* LoginController.swift */,
			);
			path = Login;
			sourceTree = "<group>";
		};
		93B6BDBF2A743AFA00F5C3B4 /* Models */ = {
			isa = PBXGroup;
			children = (
				93DEBA692A779D0300A6048F /* UserPostModel */,
				93B6BDC12A743B1300F5C3B4 /* UserProfileModel */,
			);
			path = Models;
			sourceTree = "<group>";
		};
		93B6BDC12A743B1300F5C3B4 /* UserProfileModel */ = {
			isa = PBXGroup;
			children = (
				93B6BDC22A743B2F00F5C3B4 /* UserModel.swift */,
			);
			path = UserProfileModel;
			sourceTree = "<group>";
		};
		93B6BDC42A743B5900F5C3B4 /* UserProfileExtensions */ = {
			isa = PBXGroup;
			children = (
				93B6BDC52A743B7800F5C3B4 /* UserProfileController+Extension.swift */,
			);
			path = UserProfileExtensions;
			sourceTree = "<group>";
		};
		93B6BDC72A743CD700F5C3B4 /* LoginAndSignUpExtensions */ = {
			isa = PBXGroup;
			children = (
				93B6BDC82A743CF200F5C3B4 /* SignUpControllerExtension.swift */,
			);
			path = LoginAndSignUpExtensions;
			sourceTree = "<group>";
		};
		93B6BDCA2A7462E800F5C3B4 /* AddPhoto */ = {
			isa = PBXGroup;
			children = (
				93DEBA632A76728600A6048F /* SharePhoto */,
				93B6BDCB2A74630200F5C3B4 /* PhotoSelectorController.swift */,
			);
			path = AddPhoto;
			sourceTree = "<group>";
		};
		93B6BDCD2A746B1700F5C3B4 /* Constants */ = {
			isa = PBXGroup;
			children = (
				93B6BDCE2A746B4800F5C3B4 /* Utils.swift */,
			);
			path = Constants;
			sourceTree = "<group>";
		};
		93B6BDD02A754CF800F5C3B4 /* AddPhoto */ = {
			isa = PBXGroup;
			children = (
				93B6BDD12A754D1200F5C3B4 /* PhotoSelectorCell.swift */,
				93B6BDD32A765D9500F5C3B4 /* PhotoSelectorHeader.swift */,
			);
			path = AddPhoto;
			sourceTree = "<group>";
		};
		93DEBA602A766F8700A6048F /* PhotoSelectorExrensions */ = {
			isa = PBXGroup;
			children = (
				93DEBA612A766FA700A6048F /* PhotoSelectorController+Extension.swift */,
			);
			path = PhotoSelectorExrensions;
			sourceTree = "<group>";
		};
		93DEBA632A76728600A6048F /* SharePhoto */ = {
			isa = PBXGroup;
			children = (
				93DEBA642A7672A400A6048F /* SharePhotoController.swift */,
			);
			path = SharePhoto;
			sourceTree = "<group>";
		};
		93DEBA682A7798AE00A6048F /* UserProfile */ = {
			isa = PBXGroup;
			children = (
				93B6BDB62A72FA0F00F5C3B4 /* UserProfileController.swift */,
			);
			path = UserProfile;
			sourceTree = "<group>";
		};
		93DEBA692A779D0300A6048F /* UserPostModel */ = {
			isa = PBXGroup;
			children = (
				93DEBA6A2A779D1D00A6048F /* UserPostModel.swift */,
			);
			path = UserPostModel;
			sourceTree = "<group>";
		};
		93DEBA702A77BE5400A6048F /* Home */ = {
			isa = PBXGroup;
			children = (
				93DEBA712A77BE6400A6048F /* HomeController.swift */,
			);
			path = Home;
			sourceTree = "<group>";
		};
		93DEBA732A77C0BE00A6048F /* Home */ = {
			isa = PBXGroup;
			children = (
				93DEBA742A77C0D800A6048F /* HomePostCell.swift */,
			);
			path = Home;
			sourceTree = "<group>";
		};
		93DEBA762A780E4D00A6048F /* Firebase */ = {
			isa = PBXGroup;
			children = (
				93DEBA772A780E6100A6048F /* Database+Extension.swift */,
			);
			path = Firebase;
			sourceTree = "<group>";
		};
		93DEBA792A78E94800A6048F /* Search */ = {
			isa = PBXGroup;
			children = (
				93DEBA7A2A78E96100A6048F /* UserSearchController.swift */,
			);
			path = Search;
			sourceTree = "<group>";
		};
		93DEBA7C2A78F20500A6048F /* Search */ = {
			isa = PBXGroup;
			children = (
				93DEBA7D2A78F21600A6048F /* UserSearchCell.swift */,
			);
			path = Search;
			sourceTree = "<group>";
		};
		93DEBA7F2A793DC600A6048F /* Date */ = {
			isa = PBXGroup;
			children = (
				93DEBA802A793DD500A6048F /* DateExtension.swift */,
			);
			path = Date;
			sourceTree = "<group>";
		};
		93DEBA822A7A42BA00A6048F /* HomeControllerExtensions */ = {
			isa = PBXGroup;
			children = (
				93DEBA832A7A42D400A6048F /* HomeController+Extension.swift */,
			);
			path = HomeControllerExtensions;
			sourceTree = "<group>";
		};
		93DEBA852A7A440F00A6048F /* SearchControllerExtensions */ = {
			isa = PBXGroup;
			children = (
				93DEBA862A7A442B00A6048F /* SearchController+Extension.swift */,
			);
			path = SearchControllerExtensions;
			sourceTree = "<group>";
		};
/* End PBXGroup section */

/* Begin PBXNativeTarget section */
		93B6BD8A2A71997300F5C3B4 /* InstagramCloneFirebase */ = {
			isa = PBXNativeTarget;
			buildConfigurationList = 93B6BD9F2A71997500F5C3B4 /* Build configuration list for PBXNativeTarget "InstagramCloneFirebase" */;
			buildPhases = (
				93B6BD872A71997300F5C3B4 /* Sources */,
				93B6BD882A71997300F5C3B4 /* Frameworks */,
				93B6BD892A71997300F5C3B4 /* Resources */,
			);
			buildRules = (
			);
			dependencies = (
			);
			name = InstagramCloneFirebase;
			packageProductDependencies = (
				93B6BDAD2A71C0F900F5C3B4 /* FirebaseAuth */,
				93B6BDAF2A71C0F900F5C3B4 /* FirebaseDatabase */,
				93B6BDB12A71C0F900F5C3B4 /* FirebaseStorage */,
			);
			productName = InstagramCloneFirebase;
			productReference = 93B6BD8B2A71997300F5C3B4 /* InstagramCloneFirebase.app */;
			productType = "com.apple.product-type.application";
		};
/* End PBXNativeTarget section */

/* Begin PBXProject section */
		93B6BD832A71997300F5C3B4 /* Project object */ = {
			isa = PBXProject;
			attributes = {
				BuildIndependentTargetsInParallel = 1;
				LastSwiftUpdateCheck = 1430;
				LastUpgradeCheck = 1430;
				TargetAttributes = {
					93B6BD8A2A71997300F5C3B4 = {
						CreatedOnToolsVersion = 14.3.1;
					};
				};
			};
			buildConfigurationList = 93B6BD862A71997300F5C3B4 /* Build configuration list for PBXProject "InstagramCloneFirebase" */;
			compatibilityVersion = "Xcode 14.0";
			developmentRegion = en;
			hasScannedForEncodings = 0;
			knownRegions = (
				en,
				Base,
			);
			mainGroup = 93B6BD822A71997300F5C3B4;
			packageReferences = (
				93B6BDAC2A71C0F900F5C3B4 /* XCRemoteSwiftPackageReference "firebase-ios-sdk" */,
			);
			productRefGroup = 93B6BD8C2A71997300F5C3B4 /* Products */;
			projectDirPath = "";
			projectRoot = "";
			targets = (
				93B6BD8A2A71997300F5C3B4 /* InstagramCloneFirebase */,
			);
		};
/* End PBXProject section */

/* Begin PBXResourcesBuildPhase section */
		93B6BD892A71997300F5C3B4 /* Resources */ = {
			isa = PBXResourcesBuildPhase;
			buildActionMask = 2147483647;
			files = (
				93B6BD9B2A71997500F5C3B4 /* LaunchScreen.storyboard in Resources */,
				93B6BDAB2A71BFB100F5C3B4 /* GoogleService-Info.plist in Resources */,
				93B6BD982A71997500F5C3B4 /* Assets.xcassets in Resources */,
				93B6BD962A71997300F5C3B4 /* Main.storyboard in Resources */,
			);
			runOnlyForDeploymentPostprocessing = 0;
		};
/* End PBXResourcesBuildPhase section */

/* Begin PBXSourcesBuildPhase section */
		93B6BD872A71997300F5C3B4 /* Sources */ = {
			isa = PBXSourcesBuildPhase;
			buildActionMask = 2147483647;
			files = (
				93B6BDC62A743B7800F5C3B4 /* UserProfileController+Extension.swift in Sources */,
				93B6BDA92A71AF4900F5C3B4 /* UIViewExtension.swift in Sources */,
				93DEBA6F2A77AD5900A6048F /* CustomImageView.swift in Sources */,
				93B6BD932A71997300F5C3B4 /* SignUpController.swift in Sources */,
				93DEBA6B2A779D1D00A6048F /* UserPostModel.swift in Sources */,
				93DEBA652A7672A400A6048F /* SharePhotoController.swift in Sources */,
				93B6BDB72A72FA0F00F5C3B4 /* UserProfileController.swift in Sources */,
				93DEBA7B2A78E96100A6048F /* UserSearchController.swift in Sources */,
				93B6BDBB2A73177300F5C3B4 /* UserProfileHeader.swift in Sources */,
				93B6BDCF2A746B4800F5C3B4 /* Utils.swift in Sources */,
				93DEBA842A7A42D400A6048F /* HomeController+Extension.swift in Sources */,
				93B6BDA72A71ACDF00F5C3B4 /* UITextField+pleacholder.swift in Sources */,
				93DEBA872A7A442B00A6048F /* SearchController+Extension.swift in Sources */,
				93B6BDB52A72E62400F5C3B4 /* MainTabBarController.swift in Sources */,
				93DEBA7E2A78F21600A6048F /* UserSearchCell.swift in Sources */,
				93B6BD8F2A71997300F5C3B4 /* AppDelegate.swift in Sources */,
				93B6BDD42A765D9500F5C3B4 /* PhotoSelectorHeader.swift in Sources */,
				93DEBA812A793DD500A6048F /* DateExtension.swift in Sources */,
				93B6BD912A71997300F5C3B4 /* SceneDelegate.swift in Sources */,
				93DEBA672A76891800A6048F /* UIViewController+Extensions.swift in Sources */,
				93B6BDCC2A74630200F5C3B4 /* PhotoSelectorController.swift in Sources */,
				93B6BDA42A71AB5B00F5C3B4 /* UIColorExtension.swift in Sources */,
				93B6BDBD2A740C5600F5C3B4 /* LoginController.swift in Sources */,
				93B6BDD22A754D1200F5C3B4 /* PhotoSelectorCell.swift in Sources */,
				93B6BDC92A743CF200F5C3B4 /* SignUpControllerExtension.swift in Sources */,
				93DEBA722A77BE6400A6048F /* HomeController.swift in Sources */,
				93B6BDC32A743B2F00F5C3B4 /* UserModel.swift in Sources */,
				93DEBA782A780E6100A6048F /* Database+Extension.swift in Sources */,
				93DEBA6D2A77A06E00A6048F /* UserProfilePostsCell.swift in Sources */,
				93DEBA622A766FA700A6048F /* PhotoSelectorController+Extension.swift in Sources */,
				93DEBA752A77C0D800A6048F /* HomePostCell.swift in Sources */,
			);
			runOnlyForDeploymentPostprocessing = 0;
		};
/* End PBXSourcesBuildPhase section */

/* Begin PBXVariantGroup section */
		93B6BD942A71997300F5C3B4 /* Main.storyboard */ = {
			isa = PBXVariantGroup;
			children = (
				93B6BD952A71997300F5C3B4 /* Base */,
			);
			name = Main.storyboard;
			sourceTree = "<group>";
		};
		93B6BD992A71997500F5C3B4 /* LaunchScreen.storyboard */ = {
			isa = PBXVariantGroup;
			children = (
				93B6BD9A2A71997500F5C3B4 /* Base */,
			);
			name = LaunchScreen.storyboard;
			sourceTree = "<group>";
		};
/* End PBXVariantGroup section */

/* Begin XCBuildConfiguration section */
		93B6BD9D2A71997500F5C3B4 /* Debug */ = {
			isa = XCBuildConfiguration;
			buildSettings = {
				ALWAYS_SEARCH_USER_PATHS = NO;
				CLANG_ANALYZER_NONNULL = YES;
				CLANG_ANALYZER_NUMBER_OBJECT_CONVERSION = YES_AGGRESSIVE;
				CLANG_CXX_LANGUAGE_STANDARD = "gnu++20";
				CLANG_ENABLE_MODULES = YES;
				CLANG_ENABLE_OBJC_ARC = YES;
				CLANG_ENABLE_OBJC_WEAK = YES;
				CLANG_WARN_BLOCK_CAPTURE_AUTORELEASING = YES;
				CLANG_WARN_BOOL_CONVERSION = YES;
				CLANG_WARN_COMMA = YES;
				CLANG_WARN_CONSTANT_CONVERSION = YES;
				CLANG_WARN_DEPRECATED_OBJC_IMPLEMENTATIONS = YES;
				CLANG_WARN_DIRECT_OBJC_ISA_USAGE = YES_ERROR;
				CLANG_WARN_DOCUMENTATION_COMMENTS = YES;
				CLANG_WARN_EMPTY_BODY = YES;
				CLANG_WARN_ENUM_CONVERSION = YES;
				CLANG_WARN_INFINITE_RECURSION = YES;
				CLANG_WARN_INT_CONVERSION = YES;
				CLANG_WARN_NON_LITERAL_NULL_CONVERSION = YES;
				CLANG_WARN_OBJC_IMPLICIT_RETAIN_SELF = YES;
				CLANG_WARN_OBJC_LITERAL_CONVERSION = YES;
				CLANG_WARN_OBJC_ROOT_CLASS = YES_ERROR;
				CLANG_WARN_QUOTED_INCLUDE_IN_FRAMEWORK_HEADER = YES;
				CLANG_WARN_RANGE_LOOP_ANALYSIS = YES;
				CLANG_WARN_STRICT_PROTOTYPES = YES;
				CLANG_WARN_SUSPICIOUS_MOVE = YES;
				CLANG_WARN_UNGUARDED_AVAILABILITY = YES_AGGRESSIVE;
				CLANG_WARN_UNREACHABLE_CODE = YES;
				CLANG_WARN__DUPLICATE_METHOD_MATCH = YES;
				COPY_PHASE_STRIP = NO;
				DEBUG_INFORMATION_FORMAT = dwarf;
				ENABLE_STRICT_OBJC_MSGSEND = YES;
				ENABLE_TESTABILITY = YES;
				GCC_C_LANGUAGE_STANDARD = gnu11;
				GCC_DYNAMIC_NO_PIC = NO;
				GCC_NO_COMMON_BLOCKS = YES;
				GCC_OPTIMIZATION_LEVEL = 0;
				GCC_PREPROCESSOR_DEFINITIONS = (
					"DEBUG=1",
					"$(inherited)",
				);
				GCC_WARN_64_TO_32_BIT_CONVERSION = YES;
				GCC_WARN_ABOUT_RETURN_TYPE = YES_ERROR;
				GCC_WARN_UNDECLARED_SELECTOR = YES;
				GCC_WARN_UNINITIALIZED_AUTOS = YES_AGGRESSIVE;
				GCC_WARN_UNUSED_FUNCTION = YES;
				GCC_WARN_UNUSED_VARIABLE = YES;
				IPHONEOS_DEPLOYMENT_TARGET = 16.4;
				MTL_ENABLE_DEBUG_INFO = INCLUDE_SOURCE;
				MTL_FAST_MATH = YES;
				ONLY_ACTIVE_ARCH = YES;
				SDKROOT = iphoneos;
				SWIFT_ACTIVE_COMPILATION_CONDITIONS = DEBUG;
				SWIFT_OPTIMIZATION_LEVEL = "-Onone";
			};
			name = Debug;
		};
		93B6BD9E2A71997500F5C3B4 /* Release */ = {
			isa = XCBuildConfiguration;
			buildSettings = {
				ALWAYS_SEARCH_USER_PATHS = NO;
				CLANG_ANALYZER_NONNULL = YES;
				CLANG_ANALYZER_NUMBER_OBJECT_CONVERSION = YES_AGGRESSIVE;
				CLANG_CXX_LANGUAGE_STANDARD = "gnu++20";
				CLANG_ENABLE_MODULES = YES;
				CLANG_ENABLE_OBJC_ARC = YES;
				CLANG_ENABLE_OBJC_WEAK = YES;
				CLANG_WARN_BLOCK_CAPTURE_AUTORELEASING = YES;
				CLANG_WARN_BOOL_CONVERSION = YES;
				CLANG_WARN_COMMA = YES;
				CLANG_WARN_CONSTANT_CONVERSION = YES;
				CLANG_WARN_DEPRECATED_OBJC_IMPLEMENTATIONS = YES;
				CLANG_WARN_DIRECT_OBJC_ISA_USAGE = YES_ERROR;
				CLANG_WARN_DOCUMENTATION_COMMENTS = YES;
				CLANG_WARN_EMPTY_BODY = YES;
				CLANG_WARN_ENUM_CONVERSION = YES;
				CLANG_WARN_INFINITE_RECURSION = YES;
				CLANG_WARN_INT_CONVERSION = YES;
				CLANG_WARN_NON_LITERAL_NULL_CONVERSION = YES;
				CLANG_WARN_OBJC_IMPLICIT_RETAIN_SELF = YES;
				CLANG_WARN_OBJC_LITERAL_CONVERSION = YES;
				CLANG_WARN_OBJC_ROOT_CLASS = YES_ERROR;
				CLANG_WARN_QUOTED_INCLUDE_IN_FRAMEWORK_HEADER = YES;
				CLANG_WARN_RANGE_LOOP_ANALYSIS = YES;
				CLANG_WARN_STRICT_PROTOTYPES = YES;
				CLANG_WARN_SUSPICIOUS_MOVE = YES;
				CLANG_WARN_UNGUARDED_AVAILABILITY = YES_AGGRESSIVE;
				CLANG_WARN_UNREACHABLE_CODE = YES;
				CLANG_WARN__DUPLICATE_METHOD_MATCH = YES;
				COPY_PHASE_STRIP = NO;
				DEBUG_INFORMATION_FORMAT = "dwarf-with-dsym";
				ENABLE_NS_ASSERTIONS = NO;
				ENABLE_STRICT_OBJC_MSGSEND = YES;
				GCC_C_LANGUAGE_STANDARD = gnu11;
				GCC_NO_COMMON_BLOCKS = YES;
				GCC_WARN_64_TO_32_BIT_CONVERSION = YES;
				GCC_WARN_ABOUT_RETURN_TYPE = YES_ERROR;
				GCC_WARN_UNDECLARED_SELECTOR = YES;
				GCC_WARN_UNINITIALIZED_AUTOS = YES_AGGRESSIVE;
				GCC_WARN_UNUSED_FUNCTION = YES;
				GCC_WARN_UNUSED_VARIABLE = YES;
				IPHONEOS_DEPLOYMENT_TARGET = 16.4;
				MTL_ENABLE_DEBUG_INFO = NO;
				MTL_FAST_MATH = YES;
				SDKROOT = iphoneos;
				SWIFT_COMPILATION_MODE = wholemodule;
				SWIFT_OPTIMIZATION_LEVEL = "-O";
				VALIDATE_PRODUCT = YES;
			};
			name = Release;
		};
		93B6BDA02A71997500F5C3B4 /* Debug */ = {
			isa = XCBuildConfiguration;
			buildSettings = {
				ASSETCATALOG_COMPILER_APPICON_NAME = AppIcon;
				ASSETCATALOG_COMPILER_GLOBAL_ACCENT_COLOR_NAME = AccentColor;
				CODE_SIGN_STYLE = Automatic;
				CURRENT_PROJECT_VERSION = 1;
				DEVELOPMENT_TEAM = BUV8XV7VQA;
				GENERATE_INFOPLIST_FILE = YES;
				INFOPLIST_FILE = InstagramCloneFirebase/Info.plist;
				INFOPLIST_KEY_UIApplicationSupportsIndirectInputEvents = YES;
				INFOPLIST_KEY_UILaunchStoryboardName = LaunchScreen;
				INFOPLIST_KEY_UIMainStoryboardFile = Main;
				INFOPLIST_KEY_UISupportedInterfaceOrientations_iPad = "UIInterfaceOrientationPortrait UIInterfaceOrientationPortraitUpsideDown UIInterfaceOrientationLandscapeLeft UIInterfaceOrientationLandscapeRight";
				INFOPLIST_KEY_UISupportedInterfaceOrientations_iPhone = "UIInterfaceOrientationPortrait UIInterfaceOrientationLandscapeLeft UIInterfaceOrientationLandscapeRight";
				LD_RUNPATH_SEARCH_PATHS = (
					"$(inherited)",
					"@executable_path/Frameworks",
				);
				MARKETING_VERSION = 1.0;
				PRODUCT_BUNDLE_IDENTIFIER = com.kno.InstagramCloneFirebase;
				PRODUCT_NAME = "$(TARGET_NAME)";
				SWIFT_EMIT_LOC_STRINGS = YES;
				SWIFT_VERSION = 5.0;
				TARGETED_DEVICE_FAMILY = "1,2";
			};
			name = Debug;
		};
		93B6BDA12A71997500F5C3B4 /* Release */ = {
			isa = XCBuildConfiguration;
			buildSettings = {
				ASSETCATALOG_COMPILER_APPICON_NAME = AppIcon;
				ASSETCATALOG_COMPILER_GLOBAL_ACCENT_COLOR_NAME = AccentColor;
				CODE_SIGN_STYLE = Automatic;
				CURRENT_PROJECT_VERSION = 1;
				DEVELOPMENT_TEAM = BUV8XV7VQA;
				GENERATE_INFOPLIST_FILE = YES;
				INFOPLIST_FILE = InstagramCloneFirebase/Info.plist;
				INFOPLIST_KEY_UIApplicationSupportsIndirectInputEvents = YES;
				INFOPLIST_KEY_UILaunchStoryboardName = LaunchScreen;
				INFOPLIST_KEY_UIMainStoryboardFile = Main;
				INFOPLIST_KEY_UISupportedInterfaceOrientations_iPad = "UIInterfaceOrientationPortrait UIInterfaceOrientationPortraitUpsideDown UIInterfaceOrientationLandscapeLeft UIInterfaceOrientationLandscapeRight";
				INFOPLIST_KEY_UISupportedInterfaceOrientations_iPhone = "UIInterfaceOrientationPortrait UIInterfaceOrientationLandscapeLeft UIInterfaceOrientationLandscapeRight";
				LD_RUNPATH_SEARCH_PATHS = (
					"$(inherited)",
					"@executable_path/Frameworks",
				);
				MARKETING_VERSION = 1.0;
				PRODUCT_BUNDLE_IDENTIFIER = com.kno.InstagramCloneFirebase;
				PRODUCT_NAME = "$(TARGET_NAME)";
				SWIFT_EMIT_LOC_STRINGS = YES;
				SWIFT_VERSION = 5.0;
				TARGETED_DEVICE_FAMILY = "1,2";
			};
			name = Release;
		};
/* End XCBuildConfiguration section */

/* Begin XCConfigurationList section */
		93B6BD862A71997300F5C3B4 /* Build configuration list for PBXProject "InstagramCloneFirebase" */ = {
			isa = XCConfigurationList;
			buildConfigurations = (
				93B6BD9D2A71997500F5C3B4 /* Debug */,
				93B6BD9E2A71997500F5C3B4 /* Release */,
			);
			defaultConfigurationIsVisible = 0;
			defaultConfigurationName = Release;
		};
		93B6BD9F2A71997500F5C3B4 /* Build configuration list for PBXNativeTarget "InstagramCloneFirebase" */ = {
			isa = XCConfigurationList;
			buildConfigurations = (
				93B6BDA02A71997500F5C3B4 /* Debug */,
				93B6BDA12A71997500F5C3B4 /* Release */,
			);
			defaultConfigurationIsVisible = 0;
			defaultConfigurationName = Release;
		};
/* End XCConfigurationList section */

/* Begin XCRemoteSwiftPackageReference section */
		93B6BDAC2A71C0F900F5C3B4 /* XCRemoteSwiftPackageReference "firebase-ios-sdk" */ = {
			isa = XCRemoteSwiftPackageReference;
			repositoryURL = "https://github.com/firebase/firebase-ios-sdk";
			requirement = {
				kind = upToNextMajorVersion;
				minimumVersion = 10.0.0;
			};
		};
/* End XCRemoteSwiftPackageReference section */

/* Begin XCSwiftPackageProductDependency section */
		93B6BDAD2A71C0F900F5C3B4 /* FirebaseAuth */ = {
			isa = XCSwiftPackageProductDependency;
			package = 93B6BDAC2A71C0F900F5C3B4 /* XCRemoteSwiftPackageReference "firebase-ios-sdk" */;
			productName = FirebaseAuth;
		};
		93B6BDAF2A71C0F900F5C3B4 /* FirebaseDatabase */ = {
			isa = XCSwiftPackageProductDependency;
			package = 93B6BDAC2A71C0F900F5C3B4 /* XCRemoteSwiftPackageReference "firebase-ios-sdk" */;
			productName = FirebaseDatabase;
		};
		93B6BDB12A71C0F900F5C3B4 /* FirebaseStorage */ = {
			isa = XCSwiftPackageProductDependency;
			package = 93B6BDAC2A71C0F900F5C3B4 /* XCRemoteSwiftPackageReference "firebase-ios-sdk" */;
			productName = FirebaseStorage;
		};
/* End XCSwiftPackageProductDependency section */
	};
	rootObject = 93B6BD832A71997300F5C3B4 /* Project object */;
}
