// !$*UTF8*$!
{
	archiveVersion = 1;
	classes = {
	};
	objectVersion = 56;
	objects = {

/* Begin PBXBuildFile section */
		933B0C8D2A82586E00C2A284 /* AppDelegate.swift in Sources */ = {isa = PBXBuildFile; fileRef = 933B0C8C2A82586E00C2A284 /* AppDelegate.swift */; };
		933B0C8F2A82586E00C2A284 /* SceneDelegate.swift in Sources */ = {isa = PBXBuildFile; fileRef = 933B0C8E2A82586E00C2A284 /* SceneDelegate.swift */; };
		933B0C912A82586E00C2A284 /* ViewController.swift in Sources */ = {isa = PBXBuildFile; fileRef = 933B0C902A82586E00C2A284 /* ViewController.swift */; };
		933B0C942A82586E00C2A284 /* Main.storyboard in Resources */ = {isa = PBXBuildFile; fileRef = 933B0C922A82586E00C2A284 /* Main.storyboard */; };
		933B0C962A82586F00C2A284 /* Assets.xcassets in Resources */ = {isa = PBXBuildFile; fileRef = 933B0C952A82586F00C2A284 /* Assets.xcassets */; };
		933B0C992A82586F00C2A284 /* LaunchScreen.storyboard in Resources */ = {isa = PBXBuildFile; fileRef = 933B0C972A82586F00C2A284 /* LaunchScreen.storyboard */; };
		933B0CA12A82598300C2A284 /* MainTabBarController.swift in Sources */ = {isa = PBXBuildFile; fileRef = 933B0CA02A82598300C2A284 /* MainTabBarController.swift */; };
		933B0CA42A8265AA00C2A284 /* AppsSearchController.swift in Sources */ = {isa = PBXBuildFile; fileRef = 933B0CA32A8265AA00C2A284 /* AppsSearchController.swift */; };
		933B0CA72A82690300C2A284 /* SearchResultCell.swift in Sources */ = {isa = PBXBuildFile; fileRef = 933B0CA62A82690300C2A284 /* SearchResultCell.swift */; };
		933B0CAA2A82700D00C2A284 /* UIView+Layout.swift in Sources */ = {isa = PBXBuildFile; fileRef = 933B0CA92A82700D00C2A284 /* UIView+Layout.swift */; };
		933B0CAD2A8276B200C2A284 /* VerticalStackView.swift in Sources */ = {isa = PBXBuildFile; fileRef = 933B0CAC2A8276B200C2A284 /* VerticalStackView.swift */; };
		933B0CB12A837E4900C2A284 /* SearchResultModel.swift in Sources */ = {isa = PBXBuildFile; fileRef = 933B0CB02A837E4900C2A284 /* SearchResultModel.swift */; };
		933B0CB42A83865D00C2A284 /* Service.swift in Sources */ = {isa = PBXBuildFile; fileRef = 933B0CB32A83865D00C2A284 /* Service.swift */; };
		933B0CB72A838BE000C2A284 /* SDWebImage in Frameworks */ = {isa = PBXBuildFile; productRef = 933B0CB62A838BE000C2A284 /* SDWebImage */; };
		933B0CBB2A83A35800C2A284 /* AppsMainController.swift in Sources */ = {isa = PBXBuildFile; fileRef = 933B0CBA2A83A35700C2A284 /* AppsMainController.swift */; };
		933B0CBE2A83A45D00C2A284 /* CellAndHeader+ID.swift in Sources */ = {isa = PBXBuildFile; fileRef = 933B0CBD2A83A45D00C2A284 /* CellAndHeader+ID.swift */; };
		933B0CC22A83A65700C2A284 /* AppsGroupCell.swift in Sources */ = {isa = PBXBuildFile; fileRef = 933B0CC12A83A65700C2A284 /* AppsGroupCell.swift */; };
		933B0CC42A83A81F00C2A284 /* UILabel+init.swift in Sources */ = {isa = PBXBuildFile; fileRef = 933B0CC32A83A81F00C2A284 /* UILabel+init.swift */; };
		933B0CC62A83AA9400C2A284 /* AppsHorizontalController.swift in Sources */ = {isa = PBXBuildFile; fileRef = 933B0CC52A83AA9400C2A284 /* AppsHorizontalController.swift */; };
		933B0CC82A83B0DE00C2A284 /* AppRowCell.swift in Sources */ = {isa = PBXBuildFile; fileRef = 933B0CC72A83B0DE00C2A284 /* AppRowCell.swift */; };
		933B0CCA2A83B27200C2A284 /* UIImageView+init.swift in Sources */ = {isa = PBXBuildFile; fileRef = 933B0CC92A83B27200C2A284 /* UIImageView+init.swift */; };
		933B0CCC2A83C4ED00C2A284 /* AppsTopHeader.swift in Sources */ = {isa = PBXBuildFile; fileRef = 933B0CCB2A83C4ED00C2A284 /* AppsTopHeader.swift */; };
		933B0CCE2A83C6AA00C2A284 /* AppsHeaderHorizontalController.swift in Sources */ = {isa = PBXBuildFile; fileRef = 933B0CCD2A83C6AA00C2A284 /* AppsHeaderHorizontalController.swift */; };
		933B0CD02A83C92800C2A284 /* AppsHeaderCell.swift in Sources */ = {isa = PBXBuildFile; fileRef = 933B0CCF2A83C92800C2A284 /* AppsHeaderCell.swift */; };
/* End PBXBuildFile section */

/* Begin PBXFileReference section */
		933B0C892A82586E00C2A284 /* AppStoreJSONApi.app */ = {isa = PBXFileReference; explicitFileType = wrapper.application; includeInIndex = 0; path = AppStoreJSONApi.app; sourceTree = BUILT_PRODUCTS_DIR; };
		933B0C8C2A82586E00C2A284 /* AppDelegate.swift */ = {isa = PBXFileReference; lastKnownFileType = sourcecode.swift; path = AppDelegate.swift; sourceTree = "<group>"; };
		933B0C8E2A82586E00C2A284 /* SceneDelegate.swift */ = {isa = PBXFileReference; lastKnownFileType = sourcecode.swift; path = SceneDelegate.swift; sourceTree = "<group>"; };
		933B0C902A82586E00C2A284 /* ViewController.swift */ = {isa = PBXFileReference; lastKnownFileType = sourcecode.swift; path = ViewController.swift; sourceTree = "<group>"; };
		933B0C932A82586E00C2A284 /* Base */ = {isa = PBXFileReference; lastKnownFileType = file.storyboard; name = Base; path = Base.lproj/Main.storyboard; sourceTree = "<group>"; };
		933B0C952A82586F00C2A284 /* Assets.xcassets */ = {isa = PBXFileReference; lastKnownFileType = folder.assetcatalog; path = Assets.xcassets; sourceTree = "<group>"; };
		933B0C982A82586F00C2A284 /* Base */ = {isa = PBXFileReference; lastKnownFileType = file.storyboard; name = Base; path = Base.lproj/LaunchScreen.storyboard; sourceTree = "<group>"; };
		933B0C9A2A82586F00C2A284 /* Info.plist */ = {isa = PBXFileReference; lastKnownFileType = text.plist.xml; path = Info.plist; sourceTree = "<group>"; };
		933B0CA02A82598300C2A284 /* MainTabBarController.swift */ = {isa = PBXFileReference; lastKnownFileType = sourcecode.swift; path = MainTabBarController.swift; sourceTree = "<group>"; };
		933B0CA32A8265AA00C2A284 /* AppsSearchController.swift */ = {isa = PBXFileReference; lastKnownFileType = sourcecode.swift; path = AppsSearchController.swift; sourceTree = "<group>"; };
		933B0CA62A82690300C2A284 /* SearchResultCell.swift */ = {isa = PBXFileReference; lastKnownFileType = sourcecode.swift; path = SearchResultCell.swift; sourceTree = "<group>"; };
		933B0CA92A82700D00C2A284 /* UIView+Layout.swift */ = {isa = PBXFileReference; lastKnownFileType = sourcecode.swift; path = "UIView+Layout.swift"; sourceTree = "<group>"; };
		933B0CAC2A8276B200C2A284 /* VerticalStackView.swift */ = {isa = PBXFileReference; lastKnownFileType = sourcecode.swift; path = VerticalStackView.swift; sourceTree = "<group>"; };
		933B0CB02A837E4900C2A284 /* SearchResultModel.swift */ = {isa = PBXFileReference; lastKnownFileType = sourcecode.swift; path = SearchResultModel.swift; sourceTree = "<group>"; };
		933B0CB32A83865D00C2A284 /* Service.swift */ = {isa = PBXFileReference; lastKnownFileType = sourcecode.swift; path = Service.swift; sourceTree = "<group>"; };
		933B0CBA2A83A35700C2A284 /* AppsMainController.swift */ = {isa = PBXFileReference; lastKnownFileType = sourcecode.swift; path = AppsMainController.swift; sourceTree = "<group>"; };
		933B0CBD2A83A45D00C2A284 /* CellAndHeader+ID.swift */ = {isa = PBXFileReference; lastKnownFileType = sourcecode.swift; path = "CellAndHeader+ID.swift"; sourceTree = "<group>"; };
		933B0CC12A83A65700C2A284 /* AppsGroupCell.swift */ = {isa = PBXFileReference; lastKnownFileType = sourcecode.swift; path = AppsGroupCell.swift; sourceTree = "<group>"; };
		933B0CC32A83A81F00C2A284 /* UILabel+init.swift */ = {isa = PBXFileReference; lastKnownFileType = sourcecode.swift; path = "UILabel+init.swift"; sourceTree = "<group>"; };
		933B0CC52A83AA9400C2A284 /* AppsHorizontalController.swift */ = {isa = PBXFileReference; lastKnownFileType = sourcecode.swift; path = AppsHorizontalController.swift; sourceTree = "<group>"; };
		933B0CC72A83B0DE00C2A284 /* AppRowCell.swift */ = {isa = PBXFileReference; lastKnownFileType = sourcecode.swift; path = AppRowCell.swift; sourceTree = "<group>"; };
		933B0CC92A83B27200C2A284 /* UIImageView+init.swift */ = {isa = PBXFileReference; lastKnownFileType = sourcecode.swift; path = "UIImageView+init.swift"; sourceTree = "<group>"; };
		933B0CCB2A83C4ED00C2A284 /* AppsTopHeader.swift */ = {isa = PBXFileReference; lastKnownFileType = sourcecode.swift; path = AppsTopHeader.swift; sourceTree = "<group>"; };
		933B0CCD2A83C6AA00C2A284 /* AppsHeaderHorizontalController.swift */ = {isa = PBXFileReference; lastKnownFileType = sourcecode.swift; path = AppsHeaderHorizontalController.swift; sourceTree = "<group>"; };
		933B0CCF2A83C92800C2A284 /* AppsHeaderCell.swift */ = {isa = PBXFileReference; lastKnownFileType = sourcecode.swift; path = AppsHeaderCell.swift; sourceTree = "<group>"; };
/* End PBXFileReference section */

/* Begin PBXFrameworksBuildPhase section */
		933B0C862A82586D00C2A284 /* Frameworks */ = {
			isa = PBXFrameworksBuildPhase;
			buildActionMask = 2147483647;
			files = (
				933B0CB72A838BE000C2A284 /* SDWebImage in Frameworks */,
			);
			runOnlyForDeploymentPostprocessing = 0;
		};
/* End PBXFrameworksBuildPhase section */

/* Begin PBXGroup section */
		933B0C802A82586D00C2A284 = {
			isa = PBXGroup;
			children = (
				933B0C8B2A82586E00C2A284 /* AppStoreJSONApi */,
				933B0C8A2A82586E00C2A284 /* Products */,
			);
			sourceTree = "<group>";
		};
		933B0C8A2A82586E00C2A284 /* Products */ = {
			isa = PBXGroup;
			children = (
				933B0C892A82586E00C2A284 /* AppStoreJSONApi.app */,
			);
			name = Products;
			sourceTree = "<group>";
		};
		933B0C8B2A82586E00C2A284 /* AppStoreJSONApi */ = {
			isa = PBXGroup;
			children = (
				933B0CBC2A83A42B00C2A284 /* Constants */,
				933B0CB22A83864F00C2A284 /* Service */,
				933B0CAE2A837E2800C2A284 /* Models */,
				933B0CAB2A82769200C2A284 /* Halpers */,
				933B0CA82A826FFE00C2A284 /* Extensions */,
				933B0CA52A8268E300C2A284 /* Views */,
				933B0CA22A82659500C2A284 /* Controller */,
				933B0C8C2A82586E00C2A284 /* AppDelegate.swift */,
				933B0C8E2A82586E00C2A284 /* SceneDelegate.swift */,
				933B0C902A82586E00C2A284 /* ViewController.swift */,
				933B0C922A82586E00C2A284 /* Main.storyboard */,
				933B0C952A82586F00C2A284 /* Assets.xcassets */,
				933B0C972A82586F00C2A284 /* LaunchScreen.storyboard */,
				933B0C9A2A82586F00C2A284 /* Info.plist */,
			);
			path = AppStoreJSONApi;
			sourceTree = "<group>";
		};
		933B0CA22A82659500C2A284 /* Controller */ = {
			isa = PBXGroup;
			children = (
				933B0CB92A83A2E500C2A284 /* AppsController */,
				933B0CB82A83A2D400C2A284 /* SearchController */,
				933B0CA02A82598300C2A284 /* MainTabBarController.swift */,
			);
			path = Controller;
			sourceTree = "<group>";
		};
		933B0CA52A8268E300C2A284 /* Views */ = {
			isa = PBXGroup;
			children = (
				933B0CC02A83A64800C2A284 /* AppsCellAndHeader */,
				933B0CBF2A83A63B00C2A284 /* SearchCell */,
			);
			path = Views;
			sourceTree = "<group>";
		};
		933B0CA82A826FFE00C2A284 /* Extensions */ = {
			isa = PBXGroup;
			children = (
				933B0CA92A82700D00C2A284 /* UIView+Layout.swift */,
				933B0CC32A83A81F00C2A284 /* UILabel+init.swift */,
				933B0CC92A83B27200C2A284 /* UIImageView+init.swift */,
			);
			path = Extensions;
			sourceTree = "<group>";
		};
		933B0CAB2A82769200C2A284 /* Halpers */ = {
			isa = PBXGroup;
			children = (
				933B0CAC2A8276B200C2A284 /* VerticalStackView.swift */,
			);
			path = Halpers;
			sourceTree = "<group>";
		};
		933B0CAE2A837E2800C2A284 /* Models */ = {
			isa = PBXGroup;
			children = (
				933B0CAF2A837E3100C2A284 /* SearchResult */,
			);
			path = Models;
			sourceTree = "<group>";
		};
		933B0CAF2A837E3100C2A284 /* SearchResult */ = {
			isa = PBXGroup;
			children = (
				933B0CB02A837E4900C2A284 /* SearchResultModel.swift */,
			);
			path = SearchResult;
			sourceTree = "<group>";
		};
		933B0CB22A83864F00C2A284 /* Service */ = {
			isa = PBXGroup;
			children = (
				933B0CB32A83865D00C2A284 /* Service.swift */,
			);
			path = Service;
			sourceTree = "<group>";
		};
		933B0CB82A83A2D400C2A284 /* SearchController */ = {
			isa = PBXGroup;
			children = (
				933B0CA32A8265AA00C2A284 /* AppsSearchController.swift */,
			);
			path = SearchController;
			sourceTree = "<group>";
		};
		933B0CB92A83A2E500C2A284 /* AppsController */ = {
			isa = PBXGroup;
			children = (
				933B0CBA2A83A35700C2A284 /* AppsMainController.swift */,
				933B0CC52A83AA9400C2A284 /* AppsHorizontalController.swift */,
				933B0CCD2A83C6AA00C2A284 /* AppsHeaderHorizontalController.swift */,
			);
			path = AppsController;
			sourceTree = "<group>";
		};
		933B0CBC2A83A42B00C2A284 /* Constants */ = {
			isa = PBXGroup;
			children = (
				933B0CBD2A83A45D00C2A284 /* CellAndHeader+ID.swift */,
			);
			path = Constants;
			sourceTree = "<group>";
		};
		933B0CBF2A83A63B00C2A284 /* SearchCell */ = {
			isa = PBXGroup;
			children = (
				933B0CA62A82690300C2A284 /* SearchResultCell.swift */,
			);
			path = SearchCell;
			sourceTree = "<group>";
		};
		933B0CC02A83A64800C2A284 /* AppsCellAndHeader */ = {
			isa = PBXGroup;
			children = (
				933B0CC12A83A65700C2A284 /* AppsGroupCell.swift */,
				933B0CC72A83B0DE00C2A284 /* AppRowCell.swift */,
				933B0CCB2A83C4ED00C2A284 /* AppsTopHeader.swift */,
				933B0CCF2A83C92800C2A284 /* AppsHeaderCell.swift */,
			);
			path = AppsCellAndHeader;
			sourceTree = "<group>";
		};
/* End PBXGroup section */

/* Begin PBXNativeTarget section */
		933B0C882A82586D00C2A284 /* AppStoreJSONApi */ = {
			isa = PBXNativeTarget;
			buildConfigurationList = 933B0C9D2A82586F00C2A284 /* Build configuration list for PBXNativeTarget "AppStoreJSONApi" */;
			buildPhases = (
				933B0C852A82586D00C2A284 /* Sources */,
				933B0C862A82586D00C2A284 /* Frameworks */,
				933B0C872A82586D00C2A284 /* Resources */,
			);
			buildRules = (
			);
			dependencies = (
			);
			name = AppStoreJSONApi;
			packageProductDependencies = (
				933B0CB62A838BE000C2A284 /* SDWebImage */,
			);
			productName = AppStoreJSONApi;
			productReference = 933B0C892A82586E00C2A284 /* AppStoreJSONApi.app */;
			productType = "com.apple.product-type.application";
		};
/* End PBXNativeTarget section */

/* Begin PBXProject section */
		933B0C812A82586D00C2A284 /* Project object */ = {
			isa = PBXProject;
			attributes = {
				BuildIndependentTargetsInParallel = 1;
				LastSwiftUpdateCheck = 1430;
				LastUpgradeCheck = 1430;
				TargetAttributes = {
					933B0C882A82586D00C2A284 = {
						CreatedOnToolsVersion = 14.3.1;
					};
				};
			};
			buildConfigurationList = 933B0C842A82586D00C2A284 /* Build configuration list for PBXProject "AppStoreJSONApi" */;
			compatibilityVersion = "Xcode 14.0";
			developmentRegion = en;
			hasScannedForEncodings = 0;
			knownRegions = (
				en,
				Base,
			);
			mainGroup = 933B0C802A82586D00C2A284;
			packageReferences = (
				933B0CB52A838BE000C2A284 /* XCRemoteSwiftPackageReference "SDWebImage" */,
			);
			productRefGroup = 933B0C8A2A82586E00C2A284 /* Products */;
			projectDirPath = "";
			projectRoot = "";
			targets = (
				933B0C882A82586D00C2A284 /* AppStoreJSONApi */,
			);
		};
/* End PBXProject section */

/* Begin PBXResourcesBuildPhase section */
		933B0C872A82586D00C2A284 /* Resources */ = {
			isa = PBXResourcesBuildPhase;
			buildActionMask = 2147483647;
			files = (
				933B0C992A82586F00C2A284 /* LaunchScreen.storyboard in Resources */,
				933B0C962A82586F00C2A284 /* Assets.xcassets in Resources */,
				933B0C942A82586E00C2A284 /* Main.storyboard in Resources */,
			);
			runOnlyForDeploymentPostprocessing = 0;
		};
/* End PBXResourcesBuildPhase section */

/* Begin PBXSourcesBuildPhase section */
		933B0C852A82586D00C2A284 /* Sources */ = {
			isa = PBXSourcesBuildPhase;
			buildActionMask = 2147483647;
			files = (
				933B0C912A82586E00C2A284 /* ViewController.swift in Sources */,
				933B0CBE2A83A45D00C2A284 /* CellAndHeader+ID.swift in Sources */,
				933B0CCC2A83C4ED00C2A284 /* AppsTopHeader.swift in Sources */,
				933B0CBB2A83A35800C2A284 /* AppsMainController.swift in Sources */,
				933B0C8D2A82586E00C2A284 /* AppDelegate.swift in Sources */,
				933B0CC82A83B0DE00C2A284 /* AppRowCell.swift in Sources */,
				933B0CB12A837E4900C2A284 /* SearchResultModel.swift in Sources */,
				933B0CC62A83AA9400C2A284 /* AppsHorizontalController.swift in Sources */,
				933B0CAA2A82700D00C2A284 /* UIView+Layout.swift in Sources */,
				933B0CC22A83A65700C2A284 /* AppsGroupCell.swift in Sources */,
				933B0CCE2A83C6AA00C2A284 /* AppsHeaderHorizontalController.swift in Sources */,
				933B0CA12A82598300C2A284 /* MainTabBarController.swift in Sources */,
				933B0CD02A83C92800C2A284 /* AppsHeaderCell.swift in Sources */,
				933B0CA42A8265AA00C2A284 /* AppsSearchController.swift in Sources */,
				933B0CAD2A8276B200C2A284 /* VerticalStackView.swift in Sources */,
				933B0CC42A83A81F00C2A284 /* UILabel+init.swift in Sources */,
				933B0CCA2A83B27200C2A284 /* UIImageView+init.swift in Sources */,
				933B0CB42A83865D00C2A284 /* Service.swift in Sources */,
				933B0CA72A82690300C2A284 /* SearchResultCell.swift in Sources */,
				933B0C8F2A82586E00C2A284 /* SceneDelegate.swift in Sources */,
			);
			runOnlyForDeploymentPostprocessing = 0;
		};
/* End PBXSourcesBuildPhase section */

/* Begin PBXVariantGroup section */
		933B0C922A82586E00C2A284 /* Main.storyboard */ = {
			isa = PBXVariantGroup;
			children = (
				933B0C932A82586E00C2A284 /* Base */,
			);
			name = Main.storyboard;
			sourceTree = "<group>";
		};
		933B0C972A82586F00C2A284 /* LaunchScreen.storyboard */ = {
			isa = PBXVariantGroup;
			children = (
				933B0C982A82586F00C2A284 /* Base */,
			);
			name = LaunchScreen.storyboard;
			sourceTree = "<group>";
		};
/* End PBXVariantGroup section */

/* Begin XCBuildConfiguration section */
		933B0C9B2A82586F00C2A284 /* Debug */ = {
			isa = XCBuildConfiguration;
			buildSettings = {
				ALWAYS_SEARCH_USER_PATHS = NO;
				CLANG_ANALYZER_NONNULL = YES;
				CLANG_ANALYZER_NUMBER_OBJECT_CONVERSION = YES_AGGRESSIVE;
				CLANG_CXX_LANGUAGE_STANDARD = "gnu++20";
				CLANG_ENABLE_MODULES = YES;
				CLANG_ENABLE_OBJC_ARC = YES;
				CLANG_ENABLE_OBJC_WEAK = YES;
				CLANG_WARN_BLOCK_CAPTURE_AUTORELEASING = YES;
				CLANG_WARN_BOOL_CONVERSION = YES;
				CLANG_WARN_COMMA = YES;
				CLANG_WARN_CONSTANT_CONVERSION = YES;
				CLANG_WARN_DEPRECATED_OBJC_IMPLEMENTATIONS = YES;
				CLANG_WARN_DIRECT_OBJC_ISA_USAGE = YES_ERROR;
				CLANG_WARN_DOCUMENTATION_COMMENTS = YES;
				CLANG_WARN_EMPTY_BODY = YES;
				CLANG_WARN_ENUM_CONVERSION = YES;
				CLANG_WARN_INFINITE_RECURSION = YES;
				CLANG_WARN_INT_CONVERSION = YES;
				CLANG_WARN_NON_LITERAL_NULL_CONVERSION = YES;
				CLANG_WARN_OBJC_IMPLICIT_RETAIN_SELF = YES;
				CLANG_WARN_OBJC_LITERAL_CONVERSION = YES;
				CLANG_WARN_OBJC_ROOT_CLASS = YES_ERROR;
				CLANG_WARN_QUOTED_INCLUDE_IN_FRAMEWORK_HEADER = YES;
				CLANG_WARN_RANGE_LOOP_ANALYSIS = YES;
				CLANG_WARN_STRICT_PROTOTYPES = YES;
				CLANG_WARN_SUSPICIOUS_MOVE = YES;
				CLANG_WARN_UNGUARDED_AVAILABILITY = YES_AGGRESSIVE;
				CLANG_WARN_UNREACHABLE_CODE = YES;
				CLANG_WARN__DUPLICATE_METHOD_MATCH = YES;
				COPY_PHASE_STRIP = NO;
				DEBUG_INFORMATION_FORMAT = dwarf;
				ENABLE_STRICT_OBJC_MSGSEND = YES;
				ENABLE_TESTABILITY = YES;
				GCC_C_LANGUAGE_STANDARD = gnu11;
				GCC_DYNAMIC_NO_PIC = NO;
				GCC_NO_COMMON_BLOCKS = YES;
				GCC_OPTIMIZATION_LEVEL = 0;
				GCC_PREPROCESSOR_DEFINITIONS = (
					"DEBUG=1",
					"$(inherited)",
				);
				GCC_WARN_64_TO_32_BIT_CONVERSION = YES;
				GCC_WARN_ABOUT_RETURN_TYPE = YES_ERROR;
				GCC_WARN_UNDECLARED_SELECTOR = YES;
				GCC_WARN_UNINITIALIZED_AUTOS = YES_AGGRESSIVE;
				GCC_WARN_UNUSED_FUNCTION = YES;
				GCC_WARN_UNUSED_VARIABLE = YES;
				IPHONEOS_DEPLOYMENT_TARGET = 16.4;
				MTL_ENABLE_DEBUG_INFO = INCLUDE_SOURCE;
				MTL_FAST_MATH = YES;
				ONLY_ACTIVE_ARCH = YES;
				SDKROOT = iphoneos;
				SWIFT_ACTIVE_COMPILATION_CONDITIONS = DEBUG;
				SWIFT_OPTIMIZATION_LEVEL = "-Onone";
			};
			name = Debug;
		};
		933B0C9C2A82586F00C2A284 /* Release */ = {
			isa = XCBuildConfiguration;
			buildSettings = {
				ALWAYS_SEARCH_USER_PATHS = NO;
				CLANG_ANALYZER_NONNULL = YES;
				CLANG_ANALYZER_NUMBER_OBJECT_CONVERSION = YES_AGGRESSIVE;
				CLANG_CXX_LANGUAGE_STANDARD = "gnu++20";
				CLANG_ENABLE_MODULES = YES;
				CLANG_ENABLE_OBJC_ARC = YES;
				CLANG_ENABLE_OBJC_WEAK = YES;
				CLANG_WARN_BLOCK_CAPTURE_AUTORELEASING = YES;
				CLANG_WARN_BOOL_CONVERSION = YES;
				CLANG_WARN_COMMA = YES;
				CLANG_WARN_CONSTANT_CONVERSION = YES;
				CLANG_WARN_DEPRECATED_OBJC_IMPLEMENTATIONS = YES;
				CLANG_WARN_DIRECT_OBJC_ISA_USAGE = YES_ERROR;
				CLANG_WARN_DOCUMENTATION_COMMENTS = YES;
				CLANG_WARN_EMPTY_BODY = YES;
				CLANG_WARN_ENUM_CONVERSION = YES;
				CLANG_WARN_INFINITE_RECURSION = YES;
				CLANG_WARN_INT_CONVERSION = YES;
				CLANG_WARN_NON_LITERAL_NULL_CONVERSION = YES;
				CLANG_WARN_OBJC_IMPLICIT_RETAIN_SELF = YES;
				CLANG_WARN_OBJC_LITERAL_CONVERSION = YES;
				CLANG_WARN_OBJC_ROOT_CLASS = YES_ERROR;
				CLANG_WARN_QUOTED_INCLUDE_IN_FRAMEWORK_HEADER = YES;
				CLANG_WARN_RANGE_LOOP_ANALYSIS = YES;
				CLANG_WARN_STRICT_PROTOTYPES = YES;
				CLANG_WARN_SUSPICIOUS_MOVE = YES;
				CLANG_WARN_UNGUARDED_AVAILABILITY = YES_AGGRESSIVE;
				CLANG_WARN_UNREACHABLE_CODE = YES;
				CLANG_WARN__DUPLICATE_METHOD_MATCH = YES;
				COPY_PHASE_STRIP = NO;
				DEBUG_INFORMATION_FORMAT = "dwarf-with-dsym";
				ENABLE_NS_ASSERTIONS = NO;
				ENABLE_STRICT_OBJC_MSGSEND = YES;
				GCC_C_LANGUAGE_STANDARD = gnu11;
				GCC_NO_COMMON_BLOCKS = YES;
				GCC_WARN_64_TO_32_BIT_CONVERSION = YES;
				GCC_WARN_ABOUT_RETURN_TYPE = YES_ERROR;
				GCC_WARN_UNDECLARED_SELECTOR = YES;
				GCC_WARN_UNINITIALIZED_AUTOS = YES_AGGRESSIVE;
				GCC_WARN_UNUSED_FUNCTION = YES;
				GCC_WARN_UNUSED_VARIABLE = YES;
				IPHONEOS_DEPLOYMENT_TARGET = 16.4;
				MTL_ENABLE_DEBUG_INFO = NO;
				MTL_FAST_MATH = YES;
				SDKROOT = iphoneos;
				SWIFT_COMPILATION_MODE = wholemodule;
				SWIFT_OPTIMIZATION_LEVEL = "-O";
				VALIDATE_PRODUCT = YES;
			};
			name = Release;
		};
		933B0C9E2A82586F00C2A284 /* Debug */ = {
			isa = XCBuildConfiguration;
			buildSettings = {
				ASSETCATALOG_COMPILER_APPICON_NAME = AppIcon;
				ASSETCATALOG_COMPILER_GLOBAL_ACCENT_COLOR_NAME = AccentColor;
				CODE_SIGN_STYLE = Automatic;
				CURRENT_PROJECT_VERSION = 1;
				DEVELOPMENT_TEAM = BUV8XV7VQA;
				GENERATE_INFOPLIST_FILE = YES;
				INFOPLIST_FILE = AppStoreJSONApi/Info.plist;
				INFOPLIST_KEY_UIApplicationSupportsIndirectInputEvents = YES;
				INFOPLIST_KEY_UILaunchStoryboardName = LaunchScreen;
				INFOPLIST_KEY_UIMainStoryboardFile = Main;
				INFOPLIST_KEY_UISupportedInterfaceOrientations_iPad = "UIInterfaceOrientationPortrait UIInterfaceOrientationPortraitUpsideDown UIInterfaceOrientationLandscapeLeft UIInterfaceOrientationLandscapeRight";
				INFOPLIST_KEY_UISupportedInterfaceOrientations_iPhone = "UIInterfaceOrientationPortrait UIInterfaceOrientationLandscapeLeft UIInterfaceOrientationLandscapeRight";
				LD_RUNPATH_SEARCH_PATHS = (
					"$(inherited)",
					"@executable_path/Frameworks",
				);
				MARKETING_VERSION = 1.0;
				PRODUCT_BUNDLE_IDENTIFIER = com.kno.AppStoreJSONApi;
				PRODUCT_NAME = "$(TARGET_NAME)";
				SWIFT_EMIT_LOC_STRINGS = YES;
				SWIFT_VERSION = 5.0;
				TARGETED_DEVICE_FAMILY = "1,2";
			};
			name = Debug;
		};
		933B0C9F2A82586F00C2A284 /* Release */ = {
			isa = XCBuildConfiguration;
			buildSettings = {
				ASSETCATALOG_COMPILER_APPICON_NAME = AppIcon;
				ASSETCATALOG_COMPILER_GLOBAL_ACCENT_COLOR_NAME = AccentColor;
				CODE_SIGN_STYLE = Automatic;
				CURRENT_PROJECT_VERSION = 1;
				DEVELOPMENT_TEAM = BUV8XV7VQA;
				GENERATE_INFOPLIST_FILE = YES;
				INFOPLIST_FILE = AppStoreJSONApi/Info.plist;
				INFOPLIST_KEY_UIApplicationSupportsIndirectInputEvents = YES;
				INFOPLIST_KEY_UILaunchStoryboardName = LaunchScreen;
				INFOPLIST_KEY_UIMainStoryboardFile = Main;
				INFOPLIST_KEY_UISupportedInterfaceOrientations_iPad = "UIInterfaceOrientationPortrait UIInterfaceOrientationPortraitUpsideDown UIInterfaceOrientationLandscapeLeft UIInterfaceOrientationLandscapeRight";
				INFOPLIST_KEY_UISupportedInterfaceOrientations_iPhone = "UIInterfaceOrientationPortrait UIInterfaceOrientationLandscapeLeft UIInterfaceOrientationLandscapeRight";
				LD_RUNPATH_SEARCH_PATHS = (
					"$(inherited)",
					"@executable_path/Frameworks",
				);
				MARKETING_VERSION = 1.0;
				PRODUCT_BUNDLE_IDENTIFIER = com.kno.AppStoreJSONApi;
				PRODUCT_NAME = "$(TARGET_NAME)";
				SWIFT_EMIT_LOC_STRINGS = YES;
				SWIFT_VERSION = 5.0;
				TARGETED_DEVICE_FAMILY = "1,2";
			};
			name = Release;
		};
/* End XCBuildConfiguration section */

/* Begin XCConfigurationList section */
		933B0C842A82586D00C2A284 /* Build configuration list for PBXProject "AppStoreJSONApi" */ = {
			isa = XCConfigurationList;
			buildConfigurations = (
				933B0C9B2A82586F00C2A284 /* Debug */,
				933B0C9C2A82586F00C2A284 /* Release */,
			);
			defaultConfigurationIsVisible = 0;
			defaultConfigurationName = Release;
		};
		933B0C9D2A82586F00C2A284 /* Build configuration list for PBXNativeTarget "AppStoreJSONApi" */ = {
			isa = XCConfigurationList;
			buildConfigurations = (
				933B0C9E2A82586F00C2A284 /* Debug */,
				933B0C9F2A82586F00C2A284 /* Release */,
			);
			defaultConfigurationIsVisible = 0;
			defaultConfigurationName = Release;
		};
/* End XCConfigurationList section */

/* Begin XCRemoteSwiftPackageReference section */
		933B0CB52A838BE000C2A284 /* XCRemoteSwiftPackageReference "SDWebImage" */ = {
			isa = XCRemoteSwiftPackageReference;
			repositoryURL = "https://github.com/SDWebImage/SDWebImage.git";
			requirement = {
				kind = upToNextMajorVersion;
				minimumVersion = 5.0.0;
			};
		};
/* End XCRemoteSwiftPackageReference section */

/* Begin XCSwiftPackageProductDependency section */
		933B0CB62A838BE000C2A284 /* SDWebImage */ = {
			isa = XCSwiftPackageProductDependency;
			package = 933B0CB52A838BE000C2A284 /* XCRemoteSwiftPackageReference "SDWebImage" */;
			productName = SDWebImage;
		};
/* End XCSwiftPackageProductDependency section */
	};
	rootObject = 933B0C812A82586D00C2A284 /* Project object */;
}
